
Microsoft Visual Studio Solution File, Format Version 12.00
# Visual Studio Version 17
VisualStudioVersion = 17.4.33122.133
MinimumVisualStudioVersion = 10.0.40219.1
Project("{FAE04EC0-301F-11D3-BF4B-00C04F79EFBC}") = "interfaceuyg", "interfaceuyg\interfaceuyg.csproj", "{94B96706-32E2-48FC-9864-BB484FBC56E5}"
EndProject
Global
	GlobalSection(SolutionConfigurationPlatforms) = preSolution
		Debug|Any CPU = Debug|Any CPU
		Release|Any CPU = Release|Any CPU
	EndGlobalSection
	GlobalSection(ProjectConfigurationPlatforms) = postSolution
		{94B96706-32E2-48FC-9864-BB484FBC56E5}.Debug|Any CPU.ActiveCfg = Debug|Any CPU
		{94B96706-32E2-48FC-9864-BB484FBC56E5}.Debug|Any CPU.Build.0 = Debug|Any CPU
		{94B96706-32E2-48FC-9864-BB484FBC56E5}.Release|Any CPU.ActiveCfg = Release|Any CPU
		{94B96706-32E2-48FC-9864-BB484FBC56E5}.Release|Any CPU.Build.0 = Release|Any CPU
	EndGlobalSection
	GlobalSection(SolutionProperties) = preSolution
		HideSolutionNode = FALSE
	EndGlobalSection
	GlobalSection(ExtensibilityGlobals) = postSolution
		SolutionGuid = {F8585BC1-339C-4133-8D71-4568016EA004}
	EndGlobalSection
EndGlobal
